// !$*UTF8*$!
{
	archiveVersion = 1;
	classes = {
	};
	objectVersion = 48;
	objects = {

/* Begin PBXBuildFile section */
		AEB396CD1FB4502300A23DB7 /* AppDelegate.swift in Sources */ = {isa = PBXBuildFile; fileRef = AEB396CC1FB4502300A23DB7 /* AppDelegate.swift */; };
		AEB396CF1FB4502300A23DB7 /* ViewController.swift in Sources */ = {isa = PBXBuildFile; fileRef = AEB396CE1FB4502300A23DB7 /* ViewController.swift */; };
		AEB396D21FB4502300A23DB7 /* Main.storyboard in Resources */ = {isa = PBXBuildFile; fileRef = AEB396D01FB4502300A23DB7 /* Main.storyboard */; };
		AEB396D41FB4502300A23DB7 /* Assets.xcassets in Resources */ = {isa = PBXBuildFile; fileRef = AEB396D31FB4502300A23DB7 /* Assets.xcassets */; };
		AEB396D71FB4502300A23DB7 /* LaunchScreen.storyboard in Resources */ = {isa = PBXBuildFile; fileRef = AEB396D51FB4502300A23DB7 /* LaunchScreen.storyboard */; };
		AEB396E21FB4502400A23DB7 /* Apple_PieTests.swift in Sources */ = {isa = PBXBuildFile; fileRef = AEB396E11FB4502400A23DB7 /* Apple_PieTests.swift */; };
		AEB396ED1FB4502400A23DB7 /* Apple_PieUITests.swift in Sources */ = {isa = PBXBuildFile; fileRef = AEB396EC1FB4502400A23DB7 /* Apple_PieUITests.swift */; };
		AEB396FB1FB45FFA00A23DB7 /* Game.swift in Sources */ = {isa = PBXBuildFile; fileRef = AEB396FA1FB45FFA00A23DB7 /* Game.swift */; };
/* End PBXBuildFile section */

/* Begin PBXContainerItemProxy section */
		AEB396DE1FB4502300A23DB7 /* PBXContainerItemProxy */ = {
			isa = PBXContainerItemProxy;
			containerPortal = AEB396C11FB4502300A23DB7 /* Project object */;
			proxyType = 1;
			remoteGlobalIDString = AEB396C81FB4502300A23DB7;
			remoteInfo = "Apple Pie";
		};
		AEB396E91FB4502400A23DB7 /* PBXContainerItemProxy */ = {
			isa = PBXContainerItemProxy;
			containerPortal = AEB396C11FB4502300A23DB7 /* Project object */;
			proxyType = 1;
			remoteGlobalIDString = AEB396C81FB4502300A23DB7;
			remoteInfo = "Apple Pie";
		};
/* End PBXContainerItemProxy section */

/* Begin PBXFileReference section */
		AEB396C91FB4502300A23DB7 /* Apple Pie.app */ = {isa = PBXFileReference; explicitFileType = wrapper.application; includeInIndex = 0; path = "Apple Pie.app"; sourceTree = BUILT_PRODUCTS_DIR; };
		AEB396CC1FB4502300A23DB7 /* AppDelegate.swift */ = {isa = PBXFileReference; lastKnownFileType = sourcecode.swift; path = AppDelegate.swift; sourceTree = "<group>"; };
		AEB396CE1FB4502300A23DB7 /* ViewController.swift */ = {isa = PBXFileReference; lastKnownFileType = sourcecode.swift; path = ViewController.swift; sourceTree = "<group>"; };
		AEB396D11FB4502300A23DB7 /* Base */ = {isa = PBXFileReference; lastKnownFileType = file.storyboard; name = Base; path = Base.lproj/Main.storyboard; sourceTree = "<group>"; };
		AEB396D31FB4502300A23DB7 /* Assets.xcassets */ = {isa = PBXFileReference; lastKnownFileType = folder.assetcatalog; path = Assets.xcassets; sourceTree = "<group>"; };
		AEB396D61FB4502300A23DB7 /* Base */ = {isa = PBXFileReference; lastKnownFileType = file.storyboard; name = Base; path = Base.lproj/LaunchScreen.storyboard; sourceTree = "<group>"; };
		AEB396D81FB4502300A23DB7 /* Info.plist */ = {isa = PBXFileReference; lastKnownFileType = text.plist.xml; path = Info.plist; sourceTree = "<group>"; };
		AEB396DD1FB4502300A23DB7 /* Apple PieTests.xctest */ = {isa = PBXFileReference; explicitFileType = wrapper.cfbundle; includeInIndex = 0; path = "Apple PieTests.xctest"; sourceTree = BUILT_PRODUCTS_DIR; };
		AEB396E11FB4502400A23DB7 /* Apple_PieTests.swift */ = {isa = PBXFileReference; lastKnownFileType = sourcecode.swift; path = Apple_PieTests.swift; sourceTree = "<group>"; };
		AEB396E31FB4502400A23DB7 /* Info.plist */ = {isa = PBXFileReference; lastKnownFileType = text.plist.xml; path = Info.plist; sourceTree = "<group>"; };
		AEB396E81FB4502400A23DB7 /* Apple PieUITests.xctest */ = {isa = PBXFileReference; explicitFileType = wrapper.cfbundle; includeInIndex = 0; path = "Apple PieUITests.xctest"; sourceTree = BUILT_PRODUCTS_DIR; };
		AEB396EC1FB4502400A23DB7 /* Apple_PieUITests.swift */ = {isa = PBXFileReference; lastKnownFileType = sourcecode.swift; path = Apple_PieUITests.swift; sourceTree = "<group>"; };
		AEB396EE1FB4502400A23DB7 /* Info.plist */ = {isa = PBXFileReference; lastKnownFileType = text.plist.xml; path = Info.plist; sourceTree = "<group>"; };
		AEB396FA1FB45FFA00A23DB7 /* Game.swift */ = {isa = PBXFileReference; lastKnownFileType = sourcecode.swift; path = Game.swift; sourceTree = "<group>"; };
/* End PBXFileReference section */

/* Begin PBXFrameworksBuildPhase section */
		AEB396C61FB4502300A23DB7 /* Frameworks */ = {
			isa = PBXFrameworksBuildPhase;
			buildActionMask = 2147483647;
			files = (
			);
			runOnlyForDeploymentPostprocessing = 0;
		};
		AEB396DA1FB4502300A23DB7 /* Frameworks */ = {
			isa = PBXFrameworksBuildPhase;
			buildActionMask = 2147483647;
			files = (
			);
			runOnlyForDeploymentPostprocessing = 0;
		};
		AEB396E51FB4502400A23DB7 /* Frameworks */ = {
			isa = PBXFrameworksBuildPhase;
			buildActionMask = 2147483647;
			files = (
			);
			runOnlyForDeploymentPostprocessing = 0;
		};
/* End PBXFrameworksBuildPhase section */

/* Begin PBXGroup section */
		AEB396C01FB4502300A23DB7 = {
			isa = PBXGroup;
			children = (
				AEB396CB1FB4502300A23DB7 /* Apple Pie */,
				AEB396E01FB4502400A23DB7 /* Apple PieTests */,
				AEB396EB1FB4502400A23DB7 /* Apple PieUITests */,
				AEB396CA1FB4502300A23DB7 /* Products */,
			);
			sourceTree = "<group>";
		};
		AEB396CA1FB4502300A23DB7 /* Products */ = {
			isa = PBXGroup;
			children = (
				AEB396C91FB4502300A23DB7 /* Apple Pie.app */,
				AEB396DD1FB4502300A23DB7 /* Apple PieTests.xctest */,
				AEB396E81FB4502400A23DB7 /* Apple PieUITests.xctest */,
			);
			name = Products;
			sourceTree = "<group>";
		};
		AEB396CB1FB4502300A23DB7 /* Apple Pie */ = {
			isa = PBXGroup;
			children = (
				AEB396CC1FB4502300A23DB7 /* AppDelegate.swift */,
				AEB396CE1FB4502300A23DB7 /* ViewController.swift */,
				AEB396D01FB4502300A23DB7 /* Main.storyboard */,
				AEB396FA1FB45FFA00A23DB7 /* Game.swift */,
				AEB396D31FB4502300A23DB7 /* Assets.xcassets */,
				AEB396D51FB4502300A23DB7 /* LaunchScreen.storyboard */,
				AEB396D81FB4502300A23DB7 /* Info.plist */,
			);
			path = "Apple Pie";
			sourceTree = "<group>";
		};
		AEB396E01FB4502400A23DB7 /* Apple PieTests */ = {
			isa = PBXGroup;
			children = (
				AEB396E11FB4502400A23DB7 /* Apple_PieTests.swift */,
				AEB396E31FB4502400A23DB7 /* Info.plist */,
			);
			path = "Apple PieTests";
			sourceTree = "<group>";
		};
		AEB396EB1FB4502400A23DB7 /* Apple PieUITests */ = {
			isa = PBXGroup;
			children = (
				AEB396EC1FB4502400A23DB7 /* Apple_PieUITests.swift */,
				AEB396EE1FB4502400A23DB7 /* Info.plist */,
			);
			path = "Apple PieUITests";
			sourceTree = "<group>";
		};
/* End PBXGroup section */

/* Begin PBXNativeTarget section */
		AEB396C81FB4502300A23DB7 /* Apple Pie */ = {
			isa = PBXNativeTarget;
			buildConfigurationList = AEB396F11FB4502400A23DB7 /* Build configuration list for PBXNativeTarget "Apple Pie" */;
			buildPhases = (
				AEB396C51FB4502300A23DB7 /* Sources */,
				AEB396C61FB4502300A23DB7 /* Frameworks */,
				AEB396C71FB4502300A23DB7 /* Resources */,
			);
			buildRules = (
			);
			dependencies = (
			);
			name = "Apple Pie";
			productName = "Apple Pie";
			productReference = AEB396C91FB4502300A23DB7 /* Apple Pie.app */;
			productType = "com.apple.product-type.application";
		};
		AEB396DC1FB4502300A23DB7 /* Apple PieTests */ = {
			isa = PBXNativeTarget;
			buildConfigurationList = AEB396F41FB4502400A23DB7 /* Build configuration list for PBXNativeTarget "Apple PieTests" */;
			buildPhases = (
				AEB396D91FB4502300A23DB7 /* Sources */,
				AEB396DA1FB4502300A23DB7 /* Frameworks */,
				AEB396DB1FB4502300A23DB7 /* Resources */,
			);
			buildRules = (
			);
			dependencies = (
				AEB396DF1FB4502300A23DB7 /* PBXTargetDependency */,
			);
			name = "Apple PieTests";
			productName = "Apple PieTests";
			productReference = AEB396DD1FB4502300A23DB7 /* Apple PieTests.xctest */;
			productType = "com.apple.product-type.bundle.unit-test";
		};
		AEB396E71FB4502400A23DB7 /* Apple PieUITests */ = {
			isa = PBXNativeTarget;
			buildConfigurationList = AEB396F71FB4502400A23DB7 /* Build configuration list for PBXNativeTarget "Apple PieUITests" */;
			buildPhases = (
				AEB396E41FB4502400A23DB7 /* Sources */,
				AEB396E51FB4502400A23DB7 /* Frameworks */,
				AEB396E61FB4502400A23DB7 /* Resources */,
			);
			buildRules = (
			);
			dependencies = (
				AEB396EA1FB4502400A23DB7 /* PBXTargetDependency */,
			);
			name = "Apple PieUITests";
			productName = "Apple PieUITests";
			productReference = AEB396E81FB4502400A23DB7 /* Apple PieUITests.xctest */;
			productType = "com.apple.product-type.bundle.ui-testing";
		};
/* End PBXNativeTarget section */

/* Begin PBXProject section */
		AEB396C11FB4502300A23DB7 /* Project object */ = {
			isa = PBXProject;
			attributes = {
				LastSwiftUpdateCheck = 0910;
				LastUpgradeCheck = 0910;
				ORGANIZATIONNAME = "Siwa Sardjoemissier";
				TargetAttributes = {
					AEB396C81FB4502300A23DB7 = {
						CreatedOnToolsVersion = 9.1;
						ProvisioningStyle = Automatic;
					};
					AEB396DC1FB4502300A23DB7 = {
						CreatedOnToolsVersion = 9.1;
						ProvisioningStyle = Automatic;
						TestTargetID = AEB396C81FB4502300A23DB7;
					};
					AEB396E71FB4502400A23DB7 = {
						CreatedOnToolsVersion = 9.1;
						ProvisioningStyle = Automatic;
						TestTargetID = AEB396C81FB4502300A23DB7;
					};
				};
			};
			buildConfigurationList = AEB396C41FB4502300A23DB7 /* Build configuration list for PBXProject "Apple Pie" */;
			compatibilityVersion = "Xcode 8.0";
			developmentRegion = en;
			hasScannedForEncodings = 0;
			knownRegions = (
				en,
				Base,
			);
			mainGroup = AEB396C01FB4502300A23DB7;
			productRefGroup = AEB396CA1FB4502300A23DB7 /* Products */;
			projectDirPath = "";
			projectRoot = "";
			targets = (
				AEB396C81FB4502300A23DB7 /* Apple Pie */,
				AEB396DC1FB4502300A23DB7 /* Apple PieTests */,
				AEB396E71FB4502400A23DB7 /* Apple PieUITests */,
			);
		};
/* End PBXProject section */

/* Begin PBXResourcesBuildPhase section */
		AEB396C71FB4502300A23DB7 /* Resources */ = {
			isa = PBXResourcesBuildPhase;
			buildActionMask = 2147483647;
			files = (
				AEB396D71FB4502300A23DB7 /* LaunchScreen.storyboard in Resources */,
				AEB396D41FB4502300A23DB7 /* Assets.xcassets in Resources */,
				AEB396D21FB4502300A23DB7 /* Main.storyboard in Resources */,
			);
			runOnlyForDeploymentPostprocessing = 0;
		};
		AEB396DB1FB4502300A23DB7 /* Resources */ = {
			isa = PBXResourcesBuildPhase;
			buildActionMask = 2147483647;
			files = (
			);
			runOnlyForDeploymentPostprocessing = 0;
		};
		AEB396E61FB4502400A23DB7 /* Resources */ = {
			isa = PBXResourcesBuildPhase;
			buildActionMask = 2147483647;
			files = (
			);
			runOnlyForDeploymentPostprocessing = 0;
		};
/* End PBXResourcesBuildPhase section */

/* Begin PBXSourcesBuildPhase section */
		AEB396C51FB4502300A23DB7 /* Sources */ = {
			isa = PBXSourcesBuildPhase;
			buildActionMask = 2147483647;
			files = (
				AEB396CF1FB4502300A23DB7 /* ViewController.swift in Sources */,
				AEB396FB1FB45FFA00A23DB7 /* Game.swift in Sources */,
				AEB396CD1FB4502300A23DB7 /* AppDelegate.swift in Sources */,
			);
			runOnlyForDeploymentPostprocessing = 0;
		};
		AEB396D91FB4502300A23DB7 /* Sources */ = {
			isa = PBXSourcesBuildPhase;
			buildActionMask = 2147483647;
			files = (
				AEB396E21FB4502400A23DB7 /* Apple_PieTests.swift in Sources */,
			);
			runOnlyForDeploymentPostprocessing = 0;
		};
		AEB396E41FB4502400A23DB7 /* Sources */ = {
			isa = PBXSourcesBuildPhase;
			buildActionMask = 2147483647;
			files = (
				AEB396ED1FB4502400A23DB7 /* Apple_PieUITests.swift in Sources */,
			);
			runOnlyForDeploymentPostprocessing = 0;
		};
/* End PBXSourcesBuildPhase section */

/* Begin PBXTargetDependency section */
		AEB396DF1FB4502300A23DB7 /* PBXTargetDependency */ = {
			isa = PBXTargetDependency;
			target = AEB396C81FB4502300A23DB7 /* Apple Pie */;
			targetProxy = AEB396DE1FB4502300A23DB7 /* PBXContainerItemProxy */;
		};
		AEB396EA1FB4502400A23DB7 /* PBXTargetDependency */ = {
			isa = PBXTargetDependency;
			target = AEB396C81FB4502300A23DB7 /* Apple Pie */;
			targetProxy = AEB396E91FB4502400A23DB7 /* PBXContainerItemProxy */;
		};
/* End PBXTargetDependency section */

/* Begin PBXVariantGroup section */
		AEB396D01FB4502300A23DB7 /* Main.storyboard */ = {
			isa = PBXVariantGroup;
			children = (
				AEB396D11FB4502300A23DB7 /* Base */,
			);
			name = Main.storyboard;
			sourceTree = "<group>";
		};
		AEB396D51FB4502300A23DB7 /* LaunchScreen.storyboard */ = {
			isa = PBXVariantGroup;
			children = (
				AEB396D61FB4502300A23DB7 /* Base */,
			);
			name = LaunchScreen.storyboard;
			sourceTree = "<group>";
		};
/* End PBXVariantGroup section */

/* Begin XCBuildConfiguration section */
		AEB396EF1FB4502400A23DB7 /* Debug */ = {
			isa = XCBuildConfiguration;
			buildSettings = {
				ALWAYS_SEARCH_USER_PATHS = NO;
				CLANG_ANALYZER_NONNULL = YES;
				CLANG_ANALYZER_NUMBER_OBJECT_CONVERSION = YES_AGGRESSIVE;
				CLANG_CXX_LANGUAGE_STANDARD = "gnu++14";
				CLANG_CXX_LIBRARY = "libc++";
				CLANG_ENABLE_MODULES = YES;
				CLANG_ENABLE_OBJC_ARC = YES;
				CLANG_WARN_BLOCK_CAPTURE_AUTORELEASING = YES;
				CLANG_WARN_BOOL_CONVERSION = YES;
				CLANG_WARN_COMMA = YES;
				CLANG_WARN_CONSTANT_CONVERSION = YES;
				CLANG_WARN_DIRECT_OBJC_ISA_USAGE = YES_ERROR;
				CLANG_WARN_DOCUMENTATION_COMMENTS = YES;
				CLANG_WARN_EMPTY_BODY = YES;
				CLANG_WARN_ENUM_CONVERSION = YES;
				CLANG_WARN_INFINITE_RECURSION = YES;
				CLANG_WARN_INT_CONVERSION = YES;
				CLANG_WARN_NON_LITERAL_NULL_CONVERSION = YES;
				CLANG_WARN_OBJC_LITERAL_CONVERSION = YES;
				CLANG_WARN_OBJC_ROOT_CLASS = YES_ERROR;
				CLANG_WARN_RANGE_LOOP_ANALYSIS = YES;
				CLANG_WARN_STRICT_PROTOTYPES = YES;
				CLANG_WARN_SUSPICIOUS_MOVE = YES;
				CLANG_WARN_UNGUARDED_AVAILABILITY = YES_AGGRESSIVE;
				CLANG_WARN_UNREACHABLE_CODE = YES;
				CLANG_WARN__DUPLICATE_METHOD_MATCH = YES;
				CODE_SIGN_IDENTITY = "iPhone Developer";
				COPY_PHASE_STRIP = NO;
				DEBUG_INFORMATION_FORMAT = dwarf;
				ENABLE_STRICT_OBJC_MSGSEND = YES;
				ENABLE_TESTABILITY = YES;
				GCC_C_LANGUAGE_STANDARD = gnu11;
				GCC_DYNAMIC_NO_PIC = NO;
				GCC_NO_COMMON_BLOCKS = YES;
				GCC_OPTIMIZATION_LEVEL = 0;
				GCC_PREPROCESSOR_DEFINITIONS = (
					"DEBUG=1",
					"$(inherited)",
				);
				GCC_WARN_64_TO_32_BIT_CONVERSION = YES;
				GCC_WARN_ABOUT_RETURN_TYPE = YES_ERROR;
				GCC_WARN_UNDECLARED_SELECTOR = YES;
				GCC_WARN_UNINITIALIZED_AUTOS = YES_AGGRESSIVE;
				GCC_WARN_UNUSED_FUNCTION = YES;
				GCC_WARN_UNUSED_VARIABLE = YES;
				IPHONEOS_DEPLOYMENT_TARGET = 11.1;
				MTL_ENABLE_DEBUG_INFO = YES;
				ONLY_ACTIVE_ARCH = YES;
				SDKROOT = iphoneos;
				SWIFT_ACTIVE_COMPILATION_CONDITIONS = DEBUG;
				SWIFT_OPTIMIZATION_LEVEL = "-Onone";
			};
			name = Debug;
		};
		AEB396F01FB4502400A23DB7 /* Release */ = {
			isa = XCBuildConfiguration;
			buildSettings = {
				ALWAYS_SEARCH_USER_PATHS = NO;
				CLANG_ANALYZER_NONNULL = YES;
				CLANG_ANALYZER_NUMBER_OBJECT_CONVERSION = YES_AGGRESSIVE;
				CLANG_CXX_LANGUAGE_STANDARD = "gnu++14";
				CLANG_CXX_LIBRARY = "libc++";
				CLANG_ENABLE_MODULES = YES;
				CLANG_ENABLE_OBJC_ARC = YES;
				CLANG_WARN_BLOCK_CAPTURE_AUTORELEASING = YES;
				CLANG_WARN_BOOL_CONVERSION = YES;
				CLANG_WARN_COMMA = YES;
				CLANG_WARN_CONSTANT_CONVERSION = YES;
				CLANG_WARN_DIRECT_OBJC_ISA_USAGE = YES_ERROR;
				CLANG_WARN_DOCUMENTATION_COMMENTS = YES;
				CLANG_WARN_EMPTY_BODY = YES;
				CLANG_WARN_ENUM_CONVERSION = YES;
				CLANG_WARN_INFINITE_RECURSION = YES;
				CLANG_WARN_INT_CONVERSION = YES;
				CLANG_WARN_NON_LITERAL_NULL_CONVERSION = YES;
				CLANG_WARN_OBJC_LITERAL_CONVERSION = YES;
				CLANG_WARN_OBJC_ROOT_CLASS = YES_ERROR;
				CLANG_WARN_RANGE_LOOP_ANALYSIS = YES;
				CLANG_WARN_STRICT_PROTOTYPES = YES;
				CLANG_WARN_SUSPICIOUS_MOVE = YES;
				CLANG_WARN_UNGUARDED_AVAILABILITY = YES_AGGRESSIVE;
				CLANG_WARN_UNREACHABLE_CODE = YES;
				CLANG_WARN__DUPLICATE_METHOD_MATCH = YES;
				CODE_SIGN_IDENTITY = "iPhone Developer";
				COPY_PHASE_STRIP = NO;
				DEBUG_INFORMATION_FORMAT = "dwarf-with-dsym";
				ENABLE_NS_ASSERTIONS = NO;
				ENABLE_STRICT_OBJC_MSGSEND = YES;
				GCC_C_LANGUAGE_STANDARD = gnu11;
				GCC_NO_COMMON_BLOCKS = YES;
				GCC_WARN_64_TO_32_BIT_CONVERSION = YES;
				GCC_WARN_ABOUT_RETURN_TYPE = YES_ERROR;
				GCC_WARN_UNDECLARED_SELECTOR = YES;
				GCC_WARN_UNINITIALIZED_AUTOS = YES_AGGRESSIVE;
				GCC_WARN_UNUSED_FUNCTION = YES;
				GCC_WARN_UNUSED_VARIABLE = YES;
				IPHONEOS_DEPLOYMENT_TARGET = 11.1;
				MTL_ENABLE_DEBUG_INFO = NO;
				SDKROOT = iphoneos;
				SWIFT_OPTIMIZATION_LEVEL = "-Owholemodule";
				VALIDATE_PRODUCT = YES;
			};
			name = Release;
		};
		AEB396F21FB4502400A23DB7 /* Debug */ = {
			isa = XCBuildConfiguration;
			buildSettings = {
				ASSETCATALOG_COMPILER_APPICON_NAME = AppIcon;
				CODE_SIGN_STYLE = Automatic;
				DEVELOPMENT_TEAM = 5YJP4YHFRY;
				INFOPLIST_FILE = "Apple Pie/Info.plist";
				LD_RUNPATH_SEARCH_PATHS = "$(inherited) @executable_path/Frameworks";
				PRODUCT_BUNDLE_IDENTIFIER = "com.example.Apple-Pie";
				PRODUCT_NAME = "$(TARGET_NAME)";
				SWIFT_VERSION = 4.0;
				TARGETED_DEVICE_FAMILY = 2;
			};
			name = Debug;
		};
		AEB396F31FB4502400A23DB7 /* Release */ = {
			isa = XCBuildConfiguration;
			buildSettings = {
				ASSETCATALOG_COMPILER_APPICON_NAME = AppIcon;
				CODE_SIGN_STYLE = Automatic;
				DEVELOPMENT_TEAM = 5YJP4YHFRY;
				INFOPLIST_FILE = "Apple Pie/Info.plist";
				LD_RUNPATH_SEARCH_PATHS = "$(inherited) @executable_path/Frameworks";
				PRODUCT_BUNDLE_IDENTIFIER = "com.example.Apple-Pie";
				PRODUCT_NAME = "$(TARGET_NAME)";
				SWIFT_VERSION = 4.0;
				TARGETED_DEVICE_FAMILY = 2;
			};
			name = Release;
		};
		AEB396F51FB4502400A23DB7 /* Debug */ = {
			isa = XCBuildConfiguration;
			buildSettings = {
				ALWAYS_EMBED_SWIFT_STANDARD_LIBRARIES = YES;
				BUNDLE_LOADER = "$(TEST_HOST)";
				CODE_SIGN_STYLE = Automatic;
				DEVELOPMENT_TEAM = 5YJP4YHFRY;
				INFOPLIST_FILE = "Apple PieTests/Info.plist";
				LD_RUNPATH_SEARCH_PATHS = "$(inherited) @executable_path/Frameworks @loader_path/Frameworks";
				PRODUCT_BUNDLE_IDENTIFIER = "com.example.Apple-PieTests";
				PRODUCT_NAME = "$(TARGET_NAME)";
				SWIFT_VERSION = 4.0;
				TARGETED_DEVICE_FAMILY = "1,2";
				TEST_HOST = "$(BUILT_PRODUCTS_DIR)/Apple Pie.app/Apple Pie";
			};
			name = Debug;
		};
		AEB396F61FB4502400A23DB7 /* Release */ = {
			isa = XCBuildConfiguration;
			buildSettings = {
				ALWAYS_EMBED_SWIFT_STANDARD_LIBRARIES = YES;
				BUNDLE_LOADER = "$(TEST_HOST)";
				CODE_SIGN_STYLE = Automatic;
				DEVELOPMENT_TEAM = 5YJP4YHFRY;
				INFOPLIST_FILE = "Apple PieTests/Info.plist";
				LD_RUNPATH_SEARCH_PATHS = "$(inherited) @executable_path/Frameworks @loader_path/Frameworks";
				PRODUCT_BUNDLE_IDENTIFIER = "com.example.Apple-PieTests";
				PRODUCT_NAME = "$(TARGET_NAME)";
				SWIFT_VERSION = 4.0;
				TARGETED_DEVICE_FAMILY = "1,2";
				TEST_HOST = "$(BUILT_PRODUCTS_DIR)/Apple Pie.app/Apple Pie";
			};
			name = Release;
		};
		AEB396F81FB4502400A23DB7 /* Debug */ = {
			isa = XCBuildConfiguration;
			buildSettings = {
				ALWAYS_EMBED_SWIFT_STANDARD_LIBRARIES = YES;
				CODE_SIGN_STYLE = Automatic;
				DEVELOPMENT_TEAM = 5YJP4YHFRY;
				INFOPLIST_FILE = "Apple PieUITests/Info.plist";
				LD_RUNPATH_SEARCH_PATHS = "$(inherited) @executable_path/Frameworks @loader_path/Frameworks";
				PRODUCT_BUNDLE_IDENTIFIER = "com.example.Apple-PieUITests";
				PRODUCT_NAME = "$(TARGET_NAME)";
				SWIFT_VERSION = 4.0;
				TARGETED_DEVICE_FAMILY = "1,2";
				TEST_TARGET_NAME = "Apple Pie";
			};
			name = Debug;
		};
		AEB396F91FB4502400A23DB7 /* Release */ = {
			isa = XCBuildConfiguration;
			buildSettings = {
				ALWAYS_EMBED_SWIFT_STANDARD_LIBRARIES = YES;
				CODE_SIGN_STYLE = Automatic;
				DEVELOPMENT_TEAM = 5YJP4YHFRY;
				INFOPLIST_FILE = "Apple PieUITests/Info.plist";
				LD_RUNPATH_SEARCH_PATHS = "$(inherited) @executable_path/Frameworks @loader_path/Frameworks";
				PRODUCT_BUNDLE_IDENTIFIER = "com.example.Apple-PieUITests";
				PRODUCT_NAME = "$(TARGET_NAME)";
				SWIFT_VERSION = 4.0;
				TARGETED_DEVICE_FAMILY = "1,2";
				TEST_TARGET_NAME = "Apple Pie";
			};
			name = Release;
		};
/* End XCBuildConfiguration section */

/* Begin XCConfigurationList section */
		AEB396C41FB4502300A23DB7 /* Build configuration list for PBXProject "Apple Pie" */ = {
			isa = XCConfigurationList;
			buildConfigurations = (
				AEB396EF1FB4502400A23DB7 /* Debug */,
				AEB396F01FB4502400A23DB7 /* Release */,
			);
			defaultConfigurationIsVisible = 0;
			defaultConfigurationName = Release;
		};
		AEB396F11FB4502400A23DB7 /* Build configuration list for PBXNativeTarget "Apple Pie" */ = {
			isa = XCConfigurationList;
			buildConfigurations = (
				AEB396F21FB4502400A23DB7 /* Debug */,
				AEB396F31FB4502400A23DB7 /* Release */,
			);
			defaultConfigurationIsVisible = 0;
			defaultConfigurationName = Release;
		};
		AEB396F41FB4502400A23DB7 /* Build configuration list for PBXNativeTarget "Apple PieTests" */ = {
			isa = XCConfigurationList;
			buildConfigurations = (
				AEB396F51FB4502400A23DB7 /* Debug */,
				AEB396F61FB4502400A23DB7 /* Release */,
			);
			defaultConfigurationIsVisible = 0;
			defaultConfigurationName = Release;
		};
		AEB396F71FB4502400A23DB7 /* Build configuration list for PBXNativeTarget "Apple PieUITests" */ = {
			isa = XCConfigurationList;
			buildConfigurations = (
				AEB396F81FB4502400A23DB7 /* Debug */,
				AEB396F91FB4502400A23DB7 /* Release */,
			);
			defaultConfigurationIsVisible = 0;
			defaultConfigurationName = Release;
		};
/* End XCConfigurationList section */
	};
	rootObject = AEB396C11FB4502300A23DB7 /* Project object */;
}
